{
  "lockfile_version": "1",
  "packages": {
    "awscli2@latest": {
      "last_modified": "2026-02-23T15:40:43Z",
      "resolved": "github:NixOS/nixpkgs/80d901ec0377e19ac3f7bb8c035201e2e098cc97#awscli2",
      "source": "devbox-search",
      "version": "2.33.2",
      "systems": {
        "aarch64-darwin": {
          "outputs": [
            {
              "name": "out",
              "path": "/nix/store/7fs6pvb0zdzr5pwvjd56lcg4v50zm300-awscli2-2.33.2",
              "default": true
            },
            {
              "name": "dist",
              "path": "/nix/store/mcjyd58vanwzgsdi6r47gp706g7is1kw-awscli2-2.33.2-dist"
            }
          ],
          "store_path": "/nix/store/7fs6pvb0zdzr5pwvjd56lcg4v50zm300-awscli2-2.33.2"
        },
        "aarch64-linux": {
          "outputs": [
            {
              "name": "out",
              "path": "/nix/store/laxzjbgfpaprmrafrgr3sm2a741bjj6m-awscli2-2.33.2",
              "default": true
            },
            {
              "name": "dist",
              "path": "/nix/store/22jvkfalayg0s810xy8al26bxg8y9536-awscli2-2.33.2-dist"
            }
          ],
          "store_path": "/nix/store/laxzjbgfpaprmrafrgr3sm2a741bjj6m-awscli2-2.33.2"
        },
        "x86_64-darwin": {
          "outputs": [
            {
              "name": "out",
              "path": "/nix/store/5xcwq8mbylr3dwxkdjbxf3f0gr8gzb8p-awscli2-2.33.2",
              "default": true
            },
            {
              "name": "dist",
              "path": "/nix/store/4xmpgna7g51r7gyhladf5cfdzgiji1dv-awscli2-2.33.2-dist"
            }
          ],
          "store_path": "/nix/store/5xcwq8mbylr3dwxkdjbxf3f0gr8gzb8p-awscli2-2.33.2"
        },
        "x86_64-linux": {
          "outputs": [
            {
              "name": "out",
              "path": "/nix/store/03f0vsahckikf0xcnqig8mls25c01ga5-awscli2-2.33.2",
              "default": true
            },
            {
              "name": "dist",
              "path": "/nix/store/z908n1mkn8a30dyfmcyf23dqjr2gnh6p-awscli2-2.33.2-dist"
            }
          ],
          "store_path": "/nix/store/03f0vsahckikf0xcnqig8mls25c01ga5-awscli2-2.33.2"
        }
      }
    },
    "github:NixOS/nixpkgs/nixpkgs-unstable": {
      "last_modified": "2026-01-30T02:32:49Z",
      "resolved": "github:NixOS/nixpkgs/6308c3b21396534d8aaeac46179c14c439a89b8a?lastModified=1769740369"
    },
    "jq@latest": {
      "last_modified": "2026-02-23T15:40:43Z",
      "resolved": "github:NixOS/nixpkgs/80d901ec0377e19ac3f7bb8c035201e2e098cc97#jq",
      "source": "devbox-search",
      "version": "1.8.1",
      "systems": {
        "aarch64-darwin": {
          "outputs": [
            {
              "name": "bin",
              "path": "/nix/store/qclllhrddhsqs87zrjhb0rikj9vh382g-jq-1.8.1-bin",
              "default": true
            },
            {
              "name": "man",
              "path": "/nix/store/fw0rb615pja12zpdqdn4w8bxvb310pf9-jq-1.8.1-man",
              "default": true
            },
            {
              "name": "dev",
              "path": "/nix/store/2hj3wiwnf5yjp0n176wgyd9f0ln11zhz-jq-1.8.1-dev"
            },
            {
              "name": "doc",
              "path": "/nix/store/im47zqjcdg2bhx97fkwvx7p1yzi098hz-jq-1.8.1-doc"
            },
            {
              "name": "out",
              "path": "/nix/store/w513pwkks3lw9ligjigpqniqj3dbipsl-jq-1.8.1"
            }
          ],
          "store_path": "/nix/store/qclllhrddhsqs87zrjhb0rikj9vh382g-jq-1.8.1-bin"
        },
        "aarch64-linux": {
          "outputs": [
            {
              "name": "bin",
              "path": "/nix/store/bnsyxn71xzc4nd86k6j25wmzncir628l-jq-1.8.1-bin",
              "default": true
            },
            {
              "name": "man",
              "path": "/nix/store/bl1f8rn2amdw86y6zyxybpz0g9bkd4yw-jq-1.8.1-man",
              "default": true
            },
            {
              "name": "dev",
              "path": "/nix/store/3iy3f3m2ikjsw8bmx7485flysxj1vgk7-jq-1.8.1-dev"
            },
            {
              "name": "doc",
              "path": "/nix/store/rdp9243l8x6pqmcrz99nwa4kf25km9w7-jq-1.8.1-doc"
            },
            {
              "name": "out",
              "path": "/nix/store/zglcyjcxpsnqq4ip8w2myqmlv08641b0-jq-1.8.1"
            }
          ],
          "store_path": "/nix/store/bnsyxn71xzc4nd86k6j25wmzncir628l-jq-1.8.1-bin"
        },
        "x86_64-darwin": {
          "outputs": [
            {
              "name": "bin",
              "path": "/nix/store/silqkfms6xjsaq0w3m0g6ygl4zj9992c-jq-1.8.1-bin",
              "default": true
            },
            {
              "name": "man",
              "path": "/nix/store/034cqaasry6lv5nc3nkngp2p1ww3rib6-jq-1.8.1-man",
              "default": true
            },
            {
              "name": "dev",
              "path": "/nix/store/504ml9mmnn1b1y50i6dd13kbadg4kwj9-jq-1.8.1-dev"
            },
            {
              "name": "doc",
              "path": "/nix/store/yqm1xgg9ivm1jlkn2x0bwyc3l499cw4i-jq-1.8.1-doc"
            },
            {
              "name": "out",
              "path": "/nix/store/hjc1gxah0mlc523mr4h9mxwzk7nx96hq-jq-1.8.1"
            }
          ],
          "store_path": "/nix/store/silqkfms6xjsaq0w3m0g6ygl4zj9992c-jq-1.8.1-bin"
        },
        "x86_64-linux": {
          "outputs": [
            {
              "name": "bin",
              "path": "/nix/store/jyi1vkcbaihqbfbra4qd0107sj1jhdk4-jq-1.8.1-bin",
              "default": true
            },
            {
              "name": "man",
              "path": "/nix/store/lqxm904bymdhvi8fc2l6gpj0n4wq33a8-jq-1.8.1-man",
              "default": true
            },
            {
              "name": "dev",
              "path": "/nix/store/1m6s8nd3x7s7jddjdgydq10c5wj4dj4h-jq-1.8.1-dev"
            },
            {
              "name": "doc",
              "path": "/nix/store/51isxd9mi828n238hj3572vmfx12msp1-jq-1.8.1-doc"
            },
            {
              "name": "out",
              "path": "/nix/store/70bwclvic12925zck7za5y9g761l9kkh-jq-1.8.1"
            }
          ],
          "store_path": "/nix/store/jyi1vkcbaihqbfbra4qd0107sj1jhdk4-jq-1.8.1-bin"
        }
      }
    },
    "just@latest": {
      "last_modified": "2026-02-23T15:40:43Z",
      "resolved": "github:NixOS/nixpkgs/80d901ec0377e19ac3f7bb8c035201e2e098cc97#just",
      "source": "devbox-search",
      "version": "1.46.0",
      "systems": {
        "aarch64-darwin": {
          "outputs": [
            {
              "name": "out",
              "path": "/nix/store/70xj73qsinvmbc3rn1rch3k0bk2ric41-just-1.46.0",
              "default": true
            },
            {
              "name": "man",
              "path": "/nix/store/0rf7kvb3b5pz82rwadn4xm8y77x2iy4q-just-1.46.0-man",
              "default": true
            },
            {
              "name": "doc",
              "path": "/nix/store/z9xkrp3wmnlhf9h9s1jsh4r23w9jnjj1-just-1.46.0-doc"
            }
          ],
          "store_path": "/nix/store/70xj73qsinvmbc3rn1rch3k0bk2ric41-just-1.46.0"
        },
        "aarch64-linux": {
          "outputs": [
            {
              "name": "out",
              "path": "/nix/store/429xi40vq2by0f8qibrj8w45n92mkhzf-just-1.46.0",
              "default": true
            },
            {
              "name": "man",
              "path": "/nix/store/sykdbhkkadkdgx0psdm3q1j2zpcqm7nn-just-1.46.0-man",
              "default": true
            },
            {
              "name": "doc",
              "path": "/nix/store/4qwqc5rhwj795kqk6385l97paqpvhlaf-just-1.46.0-doc"
            }
          ],
          "store_path": "/nix/store/429xi40vq2by0f8qibrj8w45n92mkhzf-just-1.46.0"
        },
        "x86_64-darwin": {
          "outputs": [
            {
              "name": "out",
              "path": "/nix/store/2ai2169px8hbs6ap7srh9240v7qarjrl-just-1.46.0",
              "default": true
            },
            {
              "name": "man",
              "path": "/nix/store/ii6487zmcpc6qf5v95pfw646f8smkf87-just-1.46.0-man",
              "default": true
            },
            {
              "name": "doc",
              "path": "/nix/store/7hjj4qlvv9kk7rwj3gwz7pyxy6sc8p74-just-1.46.0-doc"
            }
          ],
          "store_path": "/nix/store/2ai2169px8hbs6ap7srh9240v7qarjrl-just-1.46.0"
        },
        "x86_64-linux": {
          "outputs": [
            {
              "name": "out",
              "path": "/nix/store/x6bvf2yyik9jlp2bdsdh8hbzg4l9sd49-just-1.46.0",
              "default": true
            },
            {
              "name": "man",
              "path": "/nix/store/n15hvaaz1fmrl0fgypqr04yj6mj825rw-just-1.46.0-man",
              "default": true
            },
            {
              "name": "doc",
              "path": "/nix/store/hd32nmf13rby52cd7g5gw6f3p2ghnrhl-just-1.46.0-doc"
            }
          ],
          "store_path": "/nix/store/x6bvf2yyik9jlp2bdsdh8hbzg4l9sd49-just-1.46.0"
        }
      }
    },
    "nodejs@latest": {
      "last_modified": "2026-02-23T15:40:43Z",
      "plugin_version": "0.0.2",
      "resolved": "github:NixOS/nixpkgs/80d901ec0377e19ac3f7bb8c035201e2e098cc97#nodejs_25",
      "source": "devbox-search",
      "version": "25.6.1",
      "systems": {
        "aarch64-darwin": {
          "outputs": [
            {
              "name": "out",
              "path": "/nix/store/lrmv7ydmid4q4w4k26sf4cyf8xr8ddaj-nodejs-25.6.1",
              "default": true
            }
          ],
          "store_path": "/nix/store/lrmv7ydmid4q4w4k26sf4cyf8xr8ddaj-nodejs-25.6.1"
        },
        "aarch64-linux": {
          "outputs": [
            {
              "name": "out",
              "path": "/nix/store/mrxnhzmjfsqlyzlhpb7i2zg0wrcfkrr2-nodejs-25.6.1",
              "default": true
            }
          ],
          "store_path": "/nix/store/mrxnhzmjfsqlyzlhpb7i2zg0wrcfkrr2-nodejs-25.6.1"
        },
        "x86_64-darwin": {
          "outputs": [
            {
              "name": "out",
              "path": "/nix/store/jwxqhvrh5h0m2s7vlbw2ybpp8iwsw6b1-nodejs-25.6.1",
              "default": true
            }
          ],
          "store_path": "/nix/store/jwxqhvrh5h0m2s7vlbw2ybpp8iwsw6b1-nodejs-25.6.1"
        },
        "x86_64-linux": {
          "outputs": [
            {
              "name": "out",
              "path": "/nix/store/zjvq56s3ja8pfdqanqxkg6gk1idd3ir3-nodejs-25.6.1",
              "default": true
            }
          ],
          "store_path": "/nix/store/zjvq56s3ja8pfdqanqxkg6gk1idd3ir3-nodejs-25.6.1"
        }
      }
    },
    "pnpm@latest": {
      "last_modified": "2026-03-05T01:30:23Z",
      "resolved": "github:NixOS/nixpkgs/66d9241e3dc2296726dc522e62dbfe89c7b449f3#pnpm",
      "source": "devbox-search",
      "version": "10.29.2",
      "systems": {
        "aarch64-darwin": {
          "outputs": [
            {
              "name": "out",
              "path": "/nix/store/zhi5rp16mv20ixbk1wzxk694k9kd4ywl-pnpm-10.29.2",
              "default": true
            }
          ],
          "store_path": "/nix/store/zhi5rp16mv20ixbk1wzxk694k9kd4ywl-pnpm-10.29.2"
        },
        "aarch64-linux": {
          "outputs": [
            {
              "name": "out",
              "path": "/nix/store/v829b24rpcl97zh767bfifx9ggvnvg5j-pnpm-10.29.2",
              "default": true
            }
          ],
          "store_path": "/nix/store/v829b24rpcl97zh767bfifx9ggvnvg5j-pnpm-10.29.2"
        },
        "x86_64-darwin": {
          "outputs": [
            {
              "name": "out",
              "path": "/nix/store/ks9l9hj8xrfr62afzl1lgcxbl9106zlp-pnpm-10.29.2",
              "default": true
            }
          ],
          "store_path": "/nix/store/ks9l9hj8xrfr62afzl1lgcxbl9106zlp-pnpm-10.29.2"
        },
        "x86_64-linux": {
          "outputs": [
            {
              "name": "out",
              "path": "/nix/store/hzfx2jjklyfa3lyrwa0n9h037dnsf1i7-pnpm-10.29.2",
              "default": true
            }
          ],
          "store_path": "/nix/store/hzfx2jjklyfa3lyrwa0n9h037dnsf1i7-pnpm-10.29.2"
        }
      }
    },
    "python@latest": {
      "last_modified": "2026-02-23T15:40:43Z",
      "plugin_version": "0.0.4",
      "resolved": "github:NixOS/nixpkgs/80d901ec0377e19ac3f7bb8c035201e2e098cc97#python314",
      "source": "devbox-search",
      "version": "3.14.3",
      "systems": {
        "aarch64-darwin": {
          "outputs": [
            {
              "name": "out",
              "path": "/nix/store/gzycj9hwfmvm8qvh41lf8afmcdxnriig-python3-3.14.3",
              "default": true
            }
          ],
          "store_path": "/nix/store/gzycj9hwfmvm8qvh41lf8afmcdxnriig-python3-3.14.3"
        },
        "aarch64-linux": {
          "outputs": [
            {
              "name": "out",
              "path": "/nix/store/qq0qwcldmiylcy4c0a0xilqwmbkmjd3y-python3-3.14.3",
              "default": true
            },
            {
              "name": "debug",
              "path": "/nix/store/vy7zp00nd9n4pw51ldljbal75hznf5ns-python3-3.14.3-debug"
            }
          ],
          "store_path": "/nix/store/qq0qwcldmiylcy4c0a0xilqwmbkmjd3y-python3-3.14.3"
        },
        "x86_64-darwin": {
          "outputs": [
            {
              "name": "out",
              "path": "/nix/store/axbfzmxga1ka88m9fvn960nybc48i9h5-python3-3.14.3",
              "default": true
            }
          ],
          "store_path": "/nix/store/axbfzmxga1ka88m9fvn960nybc48i9h5-python3-3.14.3"
        },
        "x86_64-linux": {
          "outputs": [
            {
              "name": "out",
              "path": "/nix/store/8gnchv834z56s561v3sx2h0ra1a2xn46-python3-3.14.3",
              "default": true
            },
            {
              "name": "debug",
              "path": "/nix/store/lqaaivl5ppkgprnawizmzixcjx2bw4hi-python3-3.14.3-debug"
            }
          ],
          "store_path": "/nix/store/8gnchv834z56s561v3sx2h0ra1a2xn46-python3-3.14.3"
        }
      }
    },
    "uv": {
      "resolved": "github:NixOS/nixpkgs/6308c3b21396534d8aaeac46179c14c439a89b8a#uv",
      "source": "nixpkg"
    },
    "yq@latest": {
      "last_modified": "2026-02-23T15:40:43Z",
      "resolved": "github:NixOS/nixpkgs/80d901ec0377e19ac3f7bb8c035201e2e098cc97#yq",
      "source": "devbox-search",
      "version": "3.4.3",
      "systems": {
        "aarch64-darwin": {
          "outputs": [
            {
              "name": "out",
              "path": "/nix/store/gnlg7djh05mbs99yrdzpfd7gysx61wds-python3.13-yq-3.4.3",
              "default": true
            },
            {
              "name": "dist",
              "path": "/nix/store/22288q7jw3k6ynz3a00d25jz6j5114m3-python3.13-yq-3.4.3-dist"
            }
          ],
          "store_path": "/nix/store/gnlg7djh05mbs99yrdzpfd7gysx61wds-python3.13-yq-3.4.3"
        },
        "aarch64-linux": {
          "outputs": [
            {
              "name": "out",
              "path": "/nix/store/b41vcjm34qggcahmz8cg27hgxyp7vczp-python3.13-yq-3.4.3",
              "default": true
            },
            {
              "name": "dist",
              "path": "/nix/store/m3nqzvabvpanr6zy1fsw3x689lhndawd-python3.13-yq-3.4.3-dist"
            }
          ],
          "store_path": "/nix/store/b41vcjm34qggcahmz8cg27hgxyp7vczp-python3.13-yq-3.4.3"
        },
        "x86_64-darwin": {
          "outputs": [
            {
              "name": "out",
              "path": "/nix/store/0f7zsq8f28gn6iwpq8rndc2h2g0ad9cx-python3.13-yq-3.4.3",
              "default": true
            },
            {
              "name": "dist",
              "path": "/nix/store/npsbgzl1y7jr7ag1kb6gzni3b77ijc7d-python3.13-yq-3.4.3-dist"
            }
          ],
          "store_path": "/nix/store/0f7zsq8f28gn6iwpq8rndc2h2g0ad9cx-python3.13-yq-3.4.3"
        },
        "x86_64-linux": {
          "outputs": [
            {
              "name": "out",
              "path": "/nix/store/68wrd4nkylj3g69gssczpsan1wvbc95r-python3.13-yq-3.4.3",
              "default": true
            },
            {
              "name": "dist",
              "path": "/nix/store/xkk51jdxbqr2swr8mn1sg98ishy613ng-python3.13-yq-3.4.3-dist"
            }
          ],
          "store_path": "/nix/store/68wrd4nkylj3g69gssczpsan1wvbc95r-python3.13-yq-3.4.3"
        }
      }
    }
  }
}
